
Microsoft Visual Studio Solution File, Format Version 12.00
# Visual Studio Version 16
VisualStudioVersion = 16.0.30114.105
MinimumVisualStudioVersion = 10.0.40219.1
Project("{9A19103F-16F7-4668-BE54-9A1E7A4F7556}") = "CMAES.NET", "CMAES.NET\CMAES.NET.csproj", "{C159BC4E-172B-4D3D-9F8C-83418EB707F5}"
EndProject
Project("{9A19103F-16F7-4668-BE54-9A1E7A4F7556}") = "CMAES.NETTests", "CMAES.NETTests\CMAES.NETTests.csproj", "{5D42C6E6-2290-4A8B-B3A1-693CE360EFFE}"
EndProject
Project("{FAE04EC0-301F-11D3-BF4B-00C04F79EFBC}") = "CMAES.NETExample", "CMAES.NETExample\CMAES.NETExample.csproj", "{F840DC61-AD6F-4A32-AC0E-D24D849F08A7}"
EndProject
Global
	GlobalSection(SolutionConfigurationPlatforms) = preSolution
		Debug|Any CPU = Debug|Any CPU
		Release|Any CPU = Release|Any CPU
	EndGlobalSection
	GlobalSection(ProjectConfigurationPlatforms) = postSolution
		{C159BC4E-172B-4D3D-9F8C-83418EB707F5}.Debug|Any CPU.ActiveCfg = Debug|Any CPU
		{C159BC4E-172B-4D3D-9F8C-83418EB707F5}.Debug|Any CPU.Build.0 = Debug|Any CPU
		{C159BC4E-172B-4D3D-9F8C-83418EB707F5}.Release|Any CPU.ActiveCfg = Release|Any CPU
		{C159BC4E-172B-4D3D-9F8C-83418EB707F5}.Release|Any CPU.Build.0 = Release|Any CPU
		{5D42C6E6-2290-4A8B-B3A1-693CE360EFFE}.Debug|Any CPU.ActiveCfg = Debug|Any CPU
		{5D42C6E6-2290-4A8B-B3A1-693CE360EFFE}.Debug|Any CPU.Build.0 = Debug|Any CPU
		{5D42C6E6-2290-4A8B-B3A1-693CE360EFFE}.Release|Any CPU.ActiveCfg = Release|Any CPU
		{5D42C6E6-2290-4A8B-B3A1-693CE360EFFE}.Release|Any CPU.Build.0 = Release|Any CPU
		{F840DC61-AD6F-4A32-AC0E-D24D849F08A7}.Debug|Any CPU.ActiveCfg = Debug|Any CPU
		{F840DC61-AD6F-4A32-AC0E-D24D849F08A7}.Debug|Any CPU.Build.0 = Debug|Any CPU
		{F840DC61-AD6F-4A32-AC0E-D24D849F08A7}.Release|Any CPU.ActiveCfg = Release|Any CPU
		{F840DC61-AD6F-4A32-AC0E-D24D849F08A7}.Release|Any CPU.Build.0 = Release|Any CPU
	EndGlobalSection
	GlobalSection(SolutionProperties) = preSolution
		HideSolutionNode = FALSE
	EndGlobalSection
	GlobalSection(ExtensibilityGlobals) = postSolution
		SolutionGuid = {ADEE7150-3BC2-4652-8619-1779213E61DE}
	EndGlobalSection
EndGlobal
